
Microsoft Visual Studio Solution File, Format Version 12.00
# Visual Studio Version 17
VisualStudioVersion = 17.10.35004.147
MinimumVisualStudioVersion = 10.0.40219.1
Project("{FAE04EC0-301F-11D3-BF4B-00C04F79EFBC}") = "Circle", "Circle\Circle.csproj", "{22E7D4CB-178F-4B82-9EB7-DC06C0D000E1}"
EndProject
Global
	GlobalSection(SolutionConfigurationPlatforms) = preSolution
		Debug|Any CPU = Debug|Any CPU
		Release|Any CPU = Release|Any CPU
	EndGlobalSection
	GlobalSection(ProjectConfigurationPlatforms) = postSolution
		{22E7D4CB-178F-4B82-9EB7-DC06C0D000E1}.Debug|Any CPU.ActiveCfg = Debug|Any CPU
		{22E7D4CB-178F-4B82-9EB7-DC06C0D000E1}.Debug|Any CPU.Build.0 = Debug|Any CPU
		{22E7D4CB-178F-4B82-9EB7-DC06C0D000E1}.Release|Any CPU.ActiveCfg = Release|Any CPU
		{22E7D4CB-178F-4B82-9EB7-DC06C0D000E1}.Release|Any CPU.Build.0 = Release|Any CPU
	EndGlobalSection
	GlobalSection(SolutionProperties) = preSolution
		HideSolutionNode = FALSE
	EndGlobalSection
	GlobalSection(ExtensibilityGlobals) = postSolution
		SolutionGuid = {7B2D4846-5B13-4E35-9406-FF2DBCD0BE4E}
	EndGlobalSection
EndGlobal
